// !$*UTF8*$!
{
	archiveVersion = 1;
	classes = {
	};
	objectVersion = 55;
	objects = {

/* Begin PBXBuildFile section */
		0D2F3E272717C90A00AAA2F2 /* MCMemberTableViewCell.m in Sources */ = {isa = PBXBuildFile; fileRef = 0D2F3E1F2717C90A00AAA2F2 /* MCMemberTableViewCell.m */; };
		0D2F3E282717C90A00AAA2F2 /* MCShareContactSearchModel.m in Sources */ = {isa = PBXBuildFile; fileRef = 0D2F3E202717C90A00AAA2F2 /* MCShareContactSearchModel.m */; };
		0D2F3E292717C90A00AAA2F2 /* MCMemberManagerViewCotroller.m in Sources */ = {isa = PBXBuildFile; fileRef = 0D2F3E212717C90A00AAA2F2 /* MCMemberManagerViewCotroller.m */; };
		0D2F3E2A2717C90A00AAA2F2 /* MCMemberTableViewCell.xib in Resources */ = {isa = PBXBuildFile; fileRef = 0D2F3E232717C90A00AAA2F2 /* MCMemberTableViewCell.xib */; };
		0D2F3E2B2717C90A00AAA2F2 /* MCMemberManagerViewCotroller.xib in Resources */ = {isa = PBXBuildFile; fileRef = 0D2F3E252717C90A00AAA2F2 /* MCMemberManagerViewCotroller.xib */; };
		0D5D9BE6271FF2CC00B3A7DA /* PMSCToastView.m in Sources */ = {isa = PBXBuildFile; fileRef = 0D5D9BE4271FF2CC00B3A7DA /* PMSCToastView.m */; };
		0D8D8DC82716C5F700494FC5 /* AppDelegate.m in Sources */ = {isa = PBXBuildFile; fileRef = 0D8D8DC72716C5F700494FC5 /* AppDelegate.m */; };
		0D8D8DCB2716C5F700494FC5 /* SceneDelegate.m in Sources */ = {isa = PBXBuildFile; fileRef = 0D8D8DCA2716C5F700494FC5 /* SceneDelegate.m */; };
		0D8D8DCE2716C5F700494FC5 /* ViewController.m in Sources */ = {isa = PBXBuildFile; fileRef = 0D8D8DCD2716C5F700494FC5 /* ViewController.m */; };
		0D8D8DD12716C5F700494FC5 /* Main.storyboard in Resources */ = {isa = PBXBuildFile; fileRef = 0D8D8DCF2716C5F700494FC5 /* Main.storyboard */; };
		0D8D8DD32716C5FB00494FC5 /* Assets.xcassets in Resources */ = {isa = PBXBuildFile; fileRef = 0D8D8DD22716C5FB00494FC5 /* Assets.xcassets */; };
		0D8D8DD62716C5FB00494FC5 /* LaunchScreen.storyboard in Resources */ = {isa = PBXBuildFile; fileRef = 0D8D8DD42716C5FB00494FC5 /* LaunchScreen.storyboard */; };
		0D8D8DD92716C5FB00494FC5 /* main.m in Sources */ = {isa = PBXBuildFile; fileRef = 0D8D8DD82716C5FB00494FC5 /* main.m */; };
		0D8D8DE22716C61B00494FC5 /* MCContactsViewController.m in Sources */ = {isa = PBXBuildFile; fileRef = 0D8D8DE02716C61B00494FC5 /* MCContactsViewController.m */; };
		0D8D8DE82716C69500494FC5 /* MCContactHelper.m in Sources */ = {isa = PBXBuildFile; fileRef = 0D8D8DE42716C69400494FC5 /* MCContactHelper.m */; };
		0D8D8DE92716C69500494FC5 /* MCContactObject.m in Sources */ = {isa = PBXBuildFile; fileRef = 0D8D8DE72716C69500494FC5 /* MCContactObject.m */; };
		0D8D8DF82716C7B200494FC5 /* ContactModel.m in Sources */ = {isa = PBXBuildFile; fileRef = 0D8D8DEC2716C7B200494FC5 /* ContactModel.m */; };
		0D8D8DF92716C7B200494FC5 /* SearchContactModel.m in Sources */ = {isa = PBXBuildFile; fileRef = 0D8D8DEE2716C7B200494FC5 /* SearchContactModel.m */; };
		0D8D8DFA2716C7B200494FC5 /* AddressBookModel.m in Sources */ = {isa = PBXBuildFile; fileRef = 0D8D8DF12716C7B200494FC5 /* AddressBookModel.m */; };
		0D8D8DFB2716C7B200494FC5 /* MCKeyValueModel.m in Sources */ = {isa = PBXBuildFile; fileRef = 0D8D8DF22716C7B200494FC5 /* MCKeyValueModel.m */; };
		0D8D8DFC2716C7B200494FC5 /* LocalAddressBookModel.m in Sources */ = {isa = PBXBuildFile; fileRef = 0D8D8DF42716C7B200494FC5 /* LocalAddressBookModel.m */; };
		0D8D8E012716C85F00494FC5 /* NSString+SCExtend.m in Sources */ = {isa = PBXBuildFile; fileRef = 0D8D8E002716C85F00494FC5 /* NSString+SCExtend.m */; };
		0D8D8E042716C88700494FC5 /* BasicModel.m in Sources */ = {isa = PBXBuildFile; fileRef = 0D8D8E032716C88700494FC5 /* BasicModel.m */; };
		0D8D8E072716C8EA00494FC5 /* MCSCAlertView.m in Sources */ = {isa = PBXBuildFile; fileRef = 0D8D8E062716C8EA00494FC5 /* MCSCAlertView.m */; };
		0D8D8E122716CB0A00494FC5 /* MultiSelectTableViewCell.m in Sources */ = {isa = PBXBuildFile; fileRef = 0D8D8E102716CB0A00494FC5 /* MultiSelectTableViewCell.m */; };
		0D8D8E152716CB3000494FC5 /* MCContactsSearchListView.m in Sources */ = {isa = PBXBuildFile; fileRef = 0D8D8E142716CB3000494FC5 /* MCContactsSearchListView.m */; };
		0D8D8E182716CB4500494FC5 /* MCContactsSearchListViewCell.m in Sources */ = {isa = PBXBuildFile; fileRef = 0D8D8E162716CB4500494FC5 /* MCContactsSearchListViewCell.m */; };
		0D8D8E1C2716CDA600494FC5 /* POAPinyin.m in Sources */ = {isa = PBXBuildFile; fileRef = 0D8D8E1A2716CDA600494FC5 /* POAPinyin.m */; };
		0DCB2FA02717DDE500ABCB7D /* AddressBookLocalHelper.m in Sources */ = {isa = PBXBuildFile; fileRef = 0DCB2F9E2717DDE500ABCB7D /* AddressBookLocalHelper.m */; };
		0DCB2FA22717E03500ABCB7D /* pinyin.c in Sources */ = {isa = PBXBuildFile; fileRef = 0DCB2FA12717E03500ABCB7D /* pinyin.c */; };
		0DCB2FA7271802CC00ABCB7D /* Media.xcassets in Resources */ = {isa = PBXBuildFile; fileRef = 0DCB2FA6271802CC00ABCB7D /* Media.xcassets */; };
/* End PBXBuildFile section */

/* Begin PBXFileReference section */
		0D05D092271FE909001765D8 /* PMSelectContactDefine.h */ = {isa = PBXFileReference; lastKnownFileType = sourcecode.c.h; path = PMSelectContactDefine.h; sourceTree = "<group>"; };
		0D2F3E1F2717C90A00AAA2F2 /* MCMemberTableViewCell.m */ = {isa = PBXFileReference; fileEncoding = 4; lastKnownFileType = sourcecode.c.objc; path = MCMemberTableViewCell.m; sourceTree = "<group>"; };
		0D2F3E202717C90A00AAA2F2 /* MCShareContactSearchModel.m */ = {isa = PBXFileReference; fileEncoding = 4; lastKnownFileType = sourcecode.c.objc; path = MCShareContactSearchModel.m; sourceTree = "<group>"; };
		0D2F3E212717C90A00AAA2F2 /* MCMemberManagerViewCotroller.m */ = {isa = PBXFileReference; fileEncoding = 4; lastKnownFileType = sourcecode.c.objc; path = MCMemberManagerViewCotroller.m; sourceTree = "<group>"; };
		0D2F3E222717C90A00AAA2F2 /* MCMemberTableViewCell.h */ = {isa = PBXFileReference; fileEncoding = 4; lastKnownFileType = sourcecode.c.h; path = MCMemberTableViewCell.h; sourceTree = "<group>"; };
		0D2F3E232717C90A00AAA2F2 /* MCMemberTableViewCell.xib */ = {isa = PBXFileReference; fileEncoding = 4; lastKnownFileType = file.xib; path = MCMemberTableViewCell.xib; sourceTree = "<group>"; };
		0D2F3E242717C90A00AAA2F2 /* MCShareContactSearchModel.h */ = {isa = PBXFileReference; fileEncoding = 4; lastKnownFileType = sourcecode.c.h; path = MCShareContactSearchModel.h; sourceTree = "<group>"; };
		0D2F3E252717C90A00AAA2F2 /* MCMemberManagerViewCotroller.xib */ = {isa = PBXFileReference; fileEncoding = 4; lastKnownFileType = file.xib; path = MCMemberManagerViewCotroller.xib; sourceTree = "<group>"; };
		0D2F3E262717C90A00AAA2F2 /* MCMemberManagerViewCotroller.h */ = {isa = PBXFileReference; fileEncoding = 4; lastKnownFileType = sourcecode.c.h; path = MCMemberManagerViewCotroller.h; sourceTree = "<group>"; };
		0D5D9BE4271FF2CC00B3A7DA /* PMSCToastView.m */ = {isa = PBXFileReference; fileEncoding = 4; lastKnownFileType = sourcecode.c.objc; path = PMSCToastView.m; sourceTree = "<group>"; };
		0D5D9BE5271FF2CC00B3A7DA /* PMSCToastView.h */ = {isa = PBXFileReference; fileEncoding = 4; lastKnownFileType = sourcecode.c.h; path = PMSCToastView.h; sourceTree = "<group>"; };
		0D8D8DC32716C5F700494FC5 /* PMSelectContact.app */ = {isa = PBXFileReference; explicitFileType = wrapper.application; includeInIndex = 0; path = PMSelectContact.app; sourceTree = BUILT_PRODUCTS_DIR; };
		0D8D8DC62716C5F700494FC5 /* AppDelegate.h */ = {isa = PBXFileReference; lastKnownFileType = sourcecode.c.h; path = AppDelegate.h; sourceTree = "<group>"; };
		0D8D8DC72716C5F700494FC5 /* AppDelegate.m */ = {isa = PBXFileReference; lastKnownFileType = sourcecode.c.objc; path = AppDelegate.m; sourceTree = "<group>"; };
		0D8D8DC92716C5F700494FC5 /* SceneDelegate.h */ = {isa = PBXFileReference; lastKnownFileType = sourcecode.c.h; path = SceneDelegate.h; sourceTree = "<group>"; };
		0D8D8DCA2716C5F700494FC5 /* SceneDelegate.m */ = {isa = PBXFileReference; lastKnownFileType = sourcecode.c.objc; path = SceneDelegate.m; sourceTree = "<group>"; };
		0D8D8DCC2716C5F700494FC5 /* ViewController.h */ = {isa = PBXFileReference; lastKnownFileType = sourcecode.c.h; path = ViewController.h; sourceTree = "<group>"; };
		0D8D8DCD2716C5F700494FC5 /* ViewController.m */ = {isa = PBXFileReference; lastKnownFileType = sourcecode.c.objc; path = ViewController.m; sourceTree = "<group>"; };
		0D8D8DD02716C5F700494FC5 /* Base */ = {isa = PBXFileReference; lastKnownFileType = file.storyboard; name = Base; path = Base.lproj/Main.storyboard; sourceTree = "<group>"; };
		0D8D8DD22716C5FB00494FC5 /* Assets.xcassets */ = {isa = PBXFileReference; lastKnownFileType = folder.assetcatalog; path = Assets.xcassets; sourceTree = "<group>"; };
		0D8D8DD52716C5FB00494FC5 /* Base */ = {isa = PBXFileReference; lastKnownFileType = file.storyboard; name = Base; path = Base.lproj/LaunchScreen.storyboard; sourceTree = "<group>"; };
		0D8D8DD72716C5FB00494FC5 /* Info.plist */ = {isa = PBXFileReference; lastKnownFileType = text.plist.xml; path = Info.plist; sourceTree = "<group>"; };
		0D8D8DD82716C5FB00494FC5 /* main.m */ = {isa = PBXFileReference; lastKnownFileType = sourcecode.c.objc; path = main.m; sourceTree = "<group>"; };
		0D8D8DE02716C61B00494FC5 /* MCContactsViewController.m */ = {isa = PBXFileReference; fileEncoding = 4; lastKnownFileType = sourcecode.c.objc; path = MCContactsViewController.m; sourceTree = "<group>"; };
		0D8D8DE12716C61B00494FC5 /* MCContactsViewController.h */ = {isa = PBXFileReference; fileEncoding = 4; lastKnownFileType = sourcecode.c.h; path = MCContactsViewController.h; sourceTree = "<group>"; };
		0D8D8DE42716C69400494FC5 /* MCContactHelper.m */ = {isa = PBXFileReference; fileEncoding = 4; lastKnownFileType = sourcecode.c.objc; path = MCContactHelper.m; sourceTree = "<group>"; };
		0D8D8DE52716C69500494FC5 /* MCContactObject.h */ = {isa = PBXFileReference; fileEncoding = 4; lastKnownFileType = sourcecode.c.h; path = MCContactObject.h; sourceTree = "<group>"; };
		0D8D8DE62716C69500494FC5 /* MCContactHelper.h */ = {isa = PBXFileReference; fileEncoding = 4; lastKnownFileType = sourcecode.c.h; path = MCContactHelper.h; sourceTree = "<group>"; };
		0D8D8DE72716C69500494FC5 /* MCContactObject.m */ = {isa = PBXFileReference; fileEncoding = 4; lastKnownFileType = sourcecode.c.objc; path = MCContactObject.m; sourceTree = "<group>"; };
		0D8D8DEC2716C7B200494FC5 /* ContactModel.m */ = {isa = PBXFileReference; fileEncoding = 4; lastKnownFileType = sourcecode.c.objc; path = ContactModel.m; sourceTree = "<group>"; };
		0D8D8DED2716C7B200494FC5 /* MCKeyValueModel.h */ = {isa = PBXFileReference; fileEncoding = 4; lastKnownFileType = sourcecode.c.h; path = MCKeyValueModel.h; sourceTree = "<group>"; };
		0D8D8DEE2716C7B200494FC5 /* SearchContactModel.m */ = {isa = PBXFileReference; fileEncoding = 4; lastKnownFileType = sourcecode.c.objc; path = SearchContactModel.m; sourceTree = "<group>"; };
		0D8D8DF02716C7B200494FC5 /* LocalAddressBookModel.h */ = {isa = PBXFileReference; fileEncoding = 4; lastKnownFileType = sourcecode.c.h; path = LocalAddressBookModel.h; sourceTree = "<group>"; };
		0D8D8DF12716C7B200494FC5 /* AddressBookModel.m */ = {isa = PBXFileReference; fileEncoding = 4; lastKnownFileType = sourcecode.c.objc; path = AddressBookModel.m; sourceTree = "<group>"; };
		0D8D8DF22716C7B200494FC5 /* MCKeyValueModel.m */ = {isa = PBXFileReference; fileEncoding = 4; lastKnownFileType = sourcecode.c.objc; path = MCKeyValueModel.m; sourceTree = "<group>"; };
		0D8D8DF32716C7B200494FC5 /* ContactModel.h */ = {isa = PBXFileReference; fileEncoding = 4; lastKnownFileType = sourcecode.c.h; path = ContactModel.h; sourceTree = "<group>"; };
		0D8D8DF42716C7B200494FC5 /* LocalAddressBookModel.m */ = {isa = PBXFileReference; fileEncoding = 4; lastKnownFileType = sourcecode.c.objc; path = LocalAddressBookModel.m; sourceTree = "<group>"; };
		0D8D8DF52716C7B200494FC5 /* SearchContactModel.h */ = {isa = PBXFileReference; fileEncoding = 4; lastKnownFileType = sourcecode.c.h; path = SearchContactModel.h; sourceTree = "<group>"; };
		0D8D8DF72716C7B200494FC5 /* AddressBookModel.h */ = {isa = PBXFileReference; fileEncoding = 4; lastKnownFileType = sourcecode.c.h; path = AddressBookModel.h; sourceTree = "<group>"; };
		0D8D8DFF2716C85F00494FC5 /* NSString+SCExtend.h */ = {isa = PBXFileReference; fileEncoding = 4; lastKnownFileType = sourcecode.c.h; path = "NSString+SCExtend.h"; sourceTree = "<group>"; };
		0D8D8E002716C85F00494FC5 /* NSString+SCExtend.m */ = {isa = PBXFileReference; fileEncoding = 4; lastKnownFileType = sourcecode.c.objc; path = "NSString+SCExtend.m"; sourceTree = "<group>"; };
		0D8D8E022716C88700494FC5 /* BasicModel.h */ = {isa = PBXFileReference; fileEncoding = 4; lastKnownFileType = sourcecode.c.h; path = BasicModel.h; sourceTree = "<group>"; };
		0D8D8E032716C88700494FC5 /* BasicModel.m */ = {isa = PBXFileReference; fileEncoding = 4; lastKnownFileType = sourcecode.c.objc; path = BasicModel.m; sourceTree = "<group>"; };
		0D8D8E052716C8EA00494FC5 /* MCSCAlertView.h */ = {isa = PBXFileReference; fileEncoding = 4; lastKnownFileType = sourcecode.c.h; path = MCSCAlertView.h; sourceTree = "<group>"; };
		0D8D8E062716C8EA00494FC5 /* MCSCAlertView.m */ = {isa = PBXFileReference; fileEncoding = 4; lastKnownFileType = sourcecode.c.objc; path = MCSCAlertView.m; sourceTree = "<group>"; };
		0D8D8E0A2716CA7200494FC5 /* pinyin.h */ = {isa = PBXFileReference; lastKnownFileType = sourcecode.c.h; path = pinyin.h; sourceTree = "<group>"; };
		0D8D8E102716CB0A00494FC5 /* MultiSelectTableViewCell.m */ = {isa = PBXFileReference; fileEncoding = 4; lastKnownFileType = sourcecode.c.objc; path = MultiSelectTableViewCell.m; sourceTree = "<group>"; };
		0D8D8E112716CB0A00494FC5 /* MultiSelectTableViewCell.h */ = {isa = PBXFileReference; fileEncoding = 4; lastKnownFileType = sourcecode.c.h; path = MultiSelectTableViewCell.h; sourceTree = "<group>"; };
		0D8D8E132716CB3000494FC5 /* MCContactsSearchListView.h */ = {isa = PBXFileReference; fileEncoding = 4; lastKnownFileType = sourcecode.c.h; path = MCContactsSearchListView.h; sourceTree = "<group>"; };
		0D8D8E142716CB3000494FC5 /* MCContactsSearchListView.m */ = {isa = PBXFileReference; fileEncoding = 4; lastKnownFileType = sourcecode.c.objc; path = MCContactsSearchListView.m; sourceTree = "<group>"; };
		0D8D8E162716CB4500494FC5 /* MCContactsSearchListViewCell.m */ = {isa = PBXFileReference; fileEncoding = 4; lastKnownFileType = sourcecode.c.objc; path = MCContactsSearchListViewCell.m; sourceTree = "<group>"; };
		0D8D8E172716CB4500494FC5 /* MCContactsSearchListViewCell.h */ = {isa = PBXFileReference; fileEncoding = 4; lastKnownFileType = sourcecode.c.h; path = MCContactsSearchListViewCell.h; sourceTree = "<group>"; };
		0D8D8E1A2716CDA600494FC5 /* POAPinyin.m */ = {isa = PBXFileReference; fileEncoding = 4; lastKnownFileType = sourcecode.c.objc; path = POAPinyin.m; sourceTree = "<group>"; };
		0D8D8E1B2716CDA600494FC5 /* POAPinyin.h */ = {isa = PBXFileReference; fileEncoding = 4; lastKnownFileType = sourcecode.c.h; path = POAPinyin.h; sourceTree = "<group>"; };
		0D8D8E1D2716CDC200494FC5 /* POAHead.h */ = {isa = PBXFileReference; lastKnownFileType = sourcecode.c.h; path = POAHead.h; sourceTree = "<group>"; };
		0DCB2F9E2717DDE500ABCB7D /* AddressBookLocalHelper.m */ = {isa = PBXFileReference; fileEncoding = 4; lastKnownFileType = sourcecode.c.objc; path = AddressBookLocalHelper.m; sourceTree = "<group>"; };
		0DCB2F9F2717DDE500ABCB7D /* AddressBookLocalHelper.h */ = {isa = PBXFileReference; fileEncoding = 4; lastKnownFileType = sourcecode.c.h; path = AddressBookLocalHelper.h; sourceTree = "<group>"; };
		0DCB2FA12717E03500ABCB7D /* pinyin.c */ = {isa = PBXFileReference; fileEncoding = 4; lastKnownFileType = sourcecode.c.c; path = pinyin.c; sourceTree = "<group>"; };
		0DCB2FA6271802CC00ABCB7D /* Media.xcassets */ = {isa = PBXFileReference; lastKnownFileType = folder.assetcatalog; path = Media.xcassets; sourceTree = "<group>"; };
/* End PBXFileReference section */

/* Begin PBXFrameworksBuildPhase section */
		0D8D8DC02716C5F700494FC5 /* Frameworks */ = {
			isa = PBXFrameworksBuildPhase;
			buildActionMask = 2147483647;
			files = (
			);
			runOnlyForDeploymentPostprocessing = 0;
		};
/* End PBXFrameworksBuildPhase section */

/* Begin PBXGroup section */
		0D05D091271FE851001765D8 /* Resource */ = {
			isa = PBXGroup;
			children = (
				0DCB2FA6271802CC00ABCB7D /* Media.xcassets */,
				0D05D092271FE909001765D8 /* PMSelectContactDefine.h */,
			);
			path = Resource;
			sourceTree = "<group>";
		};
		0D2F3E1E2717C90A00AAA2F2 /* Share */ = {
			isa = PBXGroup;
			children = (
				0D2F3E262717C90A00AAA2F2 /* MCMemberManagerViewCotroller.h */,
				0D2F3E212717C90A00AAA2F2 /* MCMemberManagerViewCotroller.m */,
				0D2F3E252717C90A00AAA2F2 /* MCMemberManagerViewCotroller.xib */,
				0D2F3E222717C90A00AAA2F2 /* MCMemberTableViewCell.h */,
				0D2F3E1F2717C90A00AAA2F2 /* MCMemberTableViewCell.m */,
				0D2F3E232717C90A00AAA2F2 /* MCMemberTableViewCell.xib */,
				0D2F3E242717C90A00AAA2F2 /* MCShareContactSearchModel.h */,
				0D2F3E202717C90A00AAA2F2 /* MCShareContactSearchModel.m */,
			);
			path = Share;
			sourceTree = "<group>";
		};
		0D8D8DBA2716C5F700494FC5 = {
			isa = PBXGroup;
			children = (
				0D8D8DC52716C5F700494FC5 /* PMSelectContact */,
				0D8D8DC42716C5F700494FC5 /* Products */,
			);
			sourceTree = "<group>";
		};
		0D8D8DC42716C5F700494FC5 /* Products */ = {
			isa = PBXGroup;
			children = (
				0D8D8DC32716C5F700494FC5 /* PMSelectContact.app */,
			);
			name = Products;
			sourceTree = "<group>";
		};
		0D8D8DC52716C5F700494FC5 /* PMSelectContact */ = {
			isa = PBXGroup;
			children = (
				0D8D8DDF2716C61200494FC5 /* PMSelectContact */,
				0D8D8DC62716C5F700494FC5 /* AppDelegate.h */,
				0D8D8DC72716C5F700494FC5 /* AppDelegate.m */,
				0D8D8DC92716C5F700494FC5 /* SceneDelegate.h */,
				0D8D8DCA2716C5F700494FC5 /* SceneDelegate.m */,
				0D8D8DCC2716C5F700494FC5 /* ViewController.h */,
				0D8D8DCD2716C5F700494FC5 /* ViewController.m */,
				0D8D8DCF2716C5F700494FC5 /* Main.storyboard */,
				0D8D8DD22716C5FB00494FC5 /* Assets.xcassets */,
				0D8D8DD42716C5FB00494FC5 /* LaunchScreen.storyboard */,
				0D8D8DD72716C5FB00494FC5 /* Info.plist */,
				0D8D8DD82716C5FB00494FC5 /* main.m */,
			);
			path = PMSelectContact;
			sourceTree = "<group>";
		};
		0D8D8DDF2716C61200494FC5 /* PMSelectContact */ = {
			isa = PBXGroup;
			children = (
				0DCB2F9D2717DDC800ABCB7D /* DataSource */,
				0D2F3E1E2717C90A00AAA2F2 /* Share */,
				0D8D8DFE2716C83A00494FC5 /* Tool */,
				0D8D8DEA2716C6E300494FC5 /* VC */,
				0D8D8DEB2716C7B200494FC5 /* AddressBook */,
				0D8D8DE32716C69400494FC5 /* Contacts */,
				0D05D091271FE851001765D8 /* Resource */,
			);
			path = PMSelectContact;
			sourceTree = "<group>";
		};
		0D8D8DE32716C69400494FC5 /* Contacts */ = {
			isa = PBXGroup;
			children = (
				0D8D8DE62716C69500494FC5 /* MCContactHelper.h */,
				0D8D8DE42716C69400494FC5 /* MCContactHelper.m */,
				0D8D8DE52716C69500494FC5 /* MCContactObject.h */,
				0D8D8DE72716C69500494FC5 /* MCContactObject.m */,
			);
			path = Contacts;
			sourceTree = "<group>";
		};
		0D8D8DEA2716C6E300494FC5 /* VC */ = {
			isa = PBXGroup;
			children = (
				0D8D8E112716CB0A00494FC5 /* MultiSelectTableViewCell.h */,
				0D8D8E102716CB0A00494FC5 /* MultiSelectTableViewCell.m */,
				0D8D8E132716CB3000494FC5 /* MCContactsSearchListView.h */,
				0D8D8E142716CB3000494FC5 /* MCContactsSearchListView.m */,
				0D8D8E172716CB4500494FC5 /* MCContactsSearchListViewCell.h */,
				0D8D8E162716CB4500494FC5 /* MCContactsSearchListViewCell.m */,
				0D8D8DE12716C61B00494FC5 /* MCContactsViewController.h */,
				0D8D8DE02716C61B00494FC5 /* MCContactsViewController.m */,
			);
			path = VC;
			sourceTree = "<group>";
		};
		0D8D8DEB2716C7B200494FC5 /* AddressBook */ = {
			isa = PBXGroup;
			children = (
				0D8D8E022716C88700494FC5 /* BasicModel.h */,
				0D8D8E032716C88700494FC5 /* BasicModel.m */,
				0D8D8DF72716C7B200494FC5 /* AddressBookModel.h */,
				0D8D8DF12716C7B200494FC5 /* AddressBookModel.m */,
				0D8D8DF32716C7B200494FC5 /* ContactModel.h */,
				0D8D8DEC2716C7B200494FC5 /* ContactModel.m */,
				0D8D8DF02716C7B200494FC5 /* LocalAddressBookModel.h */,
				0D8D8DF42716C7B200494FC5 /* LocalAddressBookModel.m */,
				0D8D8DED2716C7B200494FC5 /* MCKeyValueModel.h */,
				0D8D8DF22716C7B200494FC5 /* MCKeyValueModel.m */,
				0D8D8DF52716C7B200494FC5 /* SearchContactModel.h */,
				0D8D8DEE2716C7B200494FC5 /* SearchContactModel.m */,
			);
			path = AddressBook;
			sourceTree = "<group>";
		};
		0D8D8DFE2716C83A00494FC5 /* Tool */ = {
			isa = PBXGroup;
			children = (
				0D8D8E0A2716CA7200494FC5 /* pinyin.h */,
				0DCB2FA12717E03500ABCB7D /* pinyin.c */,
				0D8D8E1B2716CDA600494FC5 /* POAPinyin.h */,
				0D8D8E1A2716CDA600494FC5 /* POAPinyin.m */,
				0D8D8E1D2716CDC200494FC5 /* POAHead.h */,
				0D8D8E052716C8EA00494FC5 /* MCSCAlertView.h */,
				0D8D8E062716C8EA00494FC5 /* MCSCAlertView.m */,
				0D5D9BE5271FF2CC00B3A7DA /* PMSCToastView.h */,
				0D5D9BE4271FF2CC00B3A7DA /* PMSCToastView.m */,
				0D8D8DFF2716C85F00494FC5 /* NSString+SCExtend.h */,
				0D8D8E002716C85F00494FC5 /* NSString+SCExtend.m */,
			);
			path = Tool;
			sourceTree = "<group>";
		};
		0DCB2F9D2717DDC800ABCB7D /* DataSource */ = {
			isa = PBXGroup;
			children = (
				0DCB2F9F2717DDE500ABCB7D /* AddressBookLocalHelper.h */,
				0DCB2F9E2717DDE500ABCB7D /* AddressBookLocalHelper.m */,
			);
			path = DataSource;
			sourceTree = "<group>";
		};
/* End PBXGroup section */

/* Begin PBXNativeTarget section */
		0D8D8DC22716C5F700494FC5 /* PMSelectContact */ = {
			isa = PBXNativeTarget;
			buildConfigurationList = 0D8D8DDC2716C5FB00494FC5 /* Build configuration list for PBXNativeTarget "PMSelectContact" */;
			buildPhases = (
				0D8D8DBF2716C5F700494FC5 /* Sources */,
				0D8D8DC02716C5F700494FC5 /* Frameworks */,
				0D8D8DC12716C5F700494FC5 /* Resources */,
			);
			buildRules = (
			);
			dependencies = (
			);
			name = PMSelectContact;
			productName = PMSelectContact;
			productReference = 0D8D8DC32716C5F700494FC5 /* PMSelectContact.app */;
			productType = "com.apple.product-type.application";
		};
/* End PBXNativeTarget section */

/* Begin PBXProject section */
		0D8D8DBB2716C5F700494FC5 /* Project object */ = {
			isa = PBXProject;
			attributes = {
				BuildIndependentTargetsInParallel = 1;
				LastUpgradeCheck = 1300;
				TargetAttributes = {
					0D8D8DC22716C5F700494FC5 = {
						CreatedOnToolsVersion = 13.0;
					};
				};
			};
			buildConfigurationList = 0D8D8DBE2716C5F700494FC5 /* Build configuration list for PBXProject "PMSelectContact" */;
			compatibilityVersion = "Xcode 13.0";
			developmentRegion = en;
			hasScannedForEncodings = 0;
			knownRegions = (
				en,
				Base,
			);
			mainGroup = 0D8D8DBA2716C5F700494FC5;
			productRefGroup = 0D8D8DC42716C5F700494FC5 /* Products */;
			projectDirPath = "";
			projectRoot = "";
			targets = (
				0D8D8DC22716C5F700494FC5 /* PMSelectContact */,
			);
		};
/* End PBXProject section */

/* Begin PBXResourcesBuildPhase section */
		0D8D8DC12716C5F700494FC5 /* Resources */ = {
			isa = PBXResourcesBuildPhase;
			buildActionMask = 2147483647;
			files = (
				0D8D8DD62716C5FB00494FC5 /* LaunchScreen.storyboard in Resources */,
				0D2F3E2A2717C90A00AAA2F2 /* MCMemberTableViewCell.xib in Resources */,
				0D2F3E2B2717C90A00AAA2F2 /* MCMemberManagerViewCotroller.xib in Resources */,
				0D8D8DD32716C5FB00494FC5 /* Assets.xcassets in Resources */,
				0DCB2FA7271802CC00ABCB7D /* Media.xcassets in Resources */,
				0D8D8DD12716C5F700494FC5 /* Main.storyboard in Resources */,
			);
			runOnlyForDeploymentPostprocessing = 0;
		};
/* End PBXResourcesBuildPhase section */

/* Begin PBXSourcesBuildPhase section */
		0D8D8DBF2716C5F700494FC5 /* Sources */ = {
			isa = PBXSourcesBuildPhase;
			buildActionMask = 2147483647;
			files = (
				0D8D8E122716CB0A00494FC5 /* MultiSelectTableViewCell.m in Sources */,
				0D8D8DE82716C69500494FC5 /* MCContactHelper.m in Sources */,
				0D8D8DCE2716C5F700494FC5 /* ViewController.m in Sources */,
				0D8D8DE22716C61B00494FC5 /* MCContactsViewController.m in Sources */,
				0D8D8DC82716C5F700494FC5 /* AppDelegate.m in Sources */,
				0D8D8E1C2716CDA600494FC5 /* POAPinyin.m in Sources */,
				0D8D8E152716CB3000494FC5 /* MCContactsSearchListView.m in Sources */,
				0D8D8DF92716C7B200494FC5 /* SearchContactModel.m in Sources */,
				0D8D8E042716C88700494FC5 /* BasicModel.m in Sources */,
				0D8D8DD92716C5FB00494FC5 /* main.m in Sources */,
				0D8D8DCB2716C5F700494FC5 /* SceneDelegate.m in Sources */,
				0D8D8DFB2716C7B200494FC5 /* MCKeyValueModel.m in Sources */,
				0D2F3E282717C90A00AAA2F2 /* MCShareContactSearchModel.m in Sources */,
				0D5D9BE6271FF2CC00B3A7DA /* PMSCToastView.m in Sources */,
				0D2F3E272717C90A00AAA2F2 /* MCMemberTableViewCell.m in Sources */,
				0D8D8DF82716C7B200494FC5 /* ContactModel.m in Sources */,
				0D8D8DE92716C69500494FC5 /* MCContactObject.m in Sources */,
				0D2F3E292717C90A00AAA2F2 /* MCMemberManagerViewCotroller.m in Sources */,
				0D8D8E182716CB4500494FC5 /* MCContactsSearchListViewCell.m in Sources */,
				0D8D8E072716C8EA00494FC5 /* MCSCAlertView.m in Sources */,
				0DCB2FA22717E03500ABCB7D /* pinyin.c in Sources */,
				0D8D8E012716C85F00494FC5 /* NSString+SCExtend.m in Sources */,
				0D8D8DFA2716C7B200494FC5 /* AddressBookModel.m in Sources */,
				0D8D8DFC2716C7B200494FC5 /* LocalAddressBookModel.m in Sources */,
				0DCB2FA02717DDE500ABCB7D /* AddressBookLocalHelper.m in Sources */,
			);
			runOnlyForDeploymentPostprocessing = 0;
		};
/* End PBXSourcesBuildPhase section */

/* Begin PBXVariantGroup section */
		0D8D8DCF2716C5F700494FC5 /* Main.storyboard */ = {
			isa = PBXVariantGroup;
			children = (
				0D8D8DD02716C5F700494FC5 /* Base */,
			);
			name = Main.storyboard;
			sourceTree = "<group>";
		};
		0D8D8DD42716C5FB00494FC5 /* LaunchScreen.storyboard */ = {
			isa = PBXVariantGroup;
			children = (
				0D8D8DD52716C5FB00494FC5 /* Base */,
			);
			name = LaunchScreen.storyboard;
			sourceTree = "<group>";
		};
/* End PBXVariantGroup section */

/* Begin XCBuildConfiguration section */
		0D8D8DDA2716C5FB00494FC5 /* Debug */ = {
			isa = XCBuildConfiguration;
			buildSettings = {
				ALWAYS_SEARCH_USER_PATHS = NO;
				CLANG_ANALYZER_NONNULL = YES;
				CLANG_ANALYZER_NUMBER_OBJECT_CONVERSION = YES_AGGRESSIVE;
				CLANG_CXX_LANGUAGE_STANDARD = "gnu++17";
				CLANG_CXX_LIBRARY = "libc++";
				CLANG_ENABLE_MODULES = YES;
				CLANG_ENABLE_OBJC_ARC = YES;
				CLANG_ENABLE_OBJC_WEAK = YES;
				CLANG_WARN_BLOCK_CAPTURE_AUTORELEASING = YES;
				CLANG_WARN_BOOL_CONVERSION = YES;
				CLANG_WARN_COMMA = YES;
				CLANG_WARN_CONSTANT_CONVERSION = YES;
				CLANG_WARN_DEPRECATED_OBJC_IMPLEMENTATIONS = YES;
				CLANG_WARN_DIRECT_OBJC_ISA_USAGE = YES_ERROR;
				CLANG_WARN_DOCUMENTATION_COMMENTS = YES;
				CLANG_WARN_EMPTY_BODY = YES;
				CLANG_WARN_ENUM_CONVERSION = YES;
				CLANG_WARN_INFINITE_RECURSION = YES;
				CLANG_WARN_INT_CONVERSION = YES;
				CLANG_WARN_NON_LITERAL_NULL_CONVERSION = YES;
				CLANG_WARN_OBJC_IMPLICIT_RETAIN_SELF = YES;
				CLANG_WARN_OBJC_LITERAL_CONVERSION = YES;
				CLANG_WARN_OBJC_ROOT_CLASS = YES_ERROR;
				CLANG_WARN_QUOTED_INCLUDE_IN_FRAMEWORK_HEADER = YES;
				CLANG_WARN_RANGE_LOOP_ANALYSIS = YES;
				CLANG_WARN_STRICT_PROTOTYPES = YES;
				CLANG_WARN_SUSPICIOUS_MOVE = YES;
				CLANG_WARN_UNGUARDED_AVAILABILITY = YES_AGGRESSIVE;
				CLANG_WARN_UNREACHABLE_CODE = YES;
				CLANG_WARN__DUPLICATE_METHOD_MATCH = YES;
				COPY_PHASE_STRIP = NO;
				DEBUG_INFORMATION_FORMAT = dwarf;
				ENABLE_STRICT_OBJC_MSGSEND = YES;
				ENABLE_TESTABILITY = YES;
				GCC_C_LANGUAGE_STANDARD = gnu11;
				GCC_DYNAMIC_NO_PIC = NO;
				GCC_NO_COMMON_BLOCKS = YES;
				GCC_OPTIMIZATION_LEVEL = 0;
				GCC_PREPROCESSOR_DEFINITIONS = (
					"DEBUG=1",
					"$(inherited)",
				);
				GCC_WARN_64_TO_32_BIT_CONVERSION = YES;
				GCC_WARN_ABOUT_RETURN_TYPE = YES_ERROR;
				GCC_WARN_UNDECLARED_SELECTOR = YES;
				GCC_WARN_UNINITIALIZED_AUTOS = YES_AGGRESSIVE;
				GCC_WARN_UNUSED_FUNCTION = YES;
				GCC_WARN_UNUSED_VARIABLE = YES;
				IPHONEOS_DEPLOYMENT_TARGET = 15.0;
				MTL_ENABLE_DEBUG_INFO = INCLUDE_SOURCE;
				MTL_FAST_MATH = YES;
				ONLY_ACTIVE_ARCH = YES;
				SDKROOT = iphoneos;
			};
			name = Debug;
		};
		0D8D8DDB2716C5FB00494FC5 /* Release */ = {
			isa = XCBuildConfiguration;
			buildSettings = {
				ALWAYS_SEARCH_USER_PATHS = NO;
				CLANG_ANALYZER_NONNULL = YES;
				CLANG_ANALYZER_NUMBER_OBJECT_CONVERSION = YES_AGGRESSIVE;
				CLANG_CXX_LANGUAGE_STANDARD = "gnu++17";
				CLANG_CXX_LIBRARY = "libc++";
				CLANG_ENABLE_MODULES = YES;
				CLANG_ENABLE_OBJC_ARC = YES;
				CLANG_ENABLE_OBJC_WEAK = YES;
				CLANG_WARN_BLOCK_CAPTURE_AUTORELEASING = YES;
				CLANG_WARN_BOOL_CONVERSION = YES;
				CLANG_WARN_COMMA = YES;
				CLANG_WARN_CONSTANT_CONVERSION = YES;
				CLANG_WARN_DEPRECATED_OBJC_IMPLEMENTATIONS = YES;
				CLANG_WARN_DIRECT_OBJC_ISA_USAGE = YES_ERROR;
				CLANG_WARN_DOCUMENTATION_COMMENTS = YES;
				CLANG_WARN_EMPTY_BODY = YES;
				CLANG_WARN_ENUM_CONVERSION = YES;
				CLANG_WARN_INFINITE_RECURSION = YES;
				CLANG_WARN_INT_CONVERSION = YES;
				CLANG_WARN_NON_LITERAL_NULL_CONVERSION = YES;
				CLANG_WARN_OBJC_IMPLICIT_RETAIN_SELF = YES;
				CLANG_WARN_OBJC_LITERAL_CONVERSION = YES;
				CLANG_WARN_OBJC_ROOT_CLASS = YES_ERROR;
				CLANG_WARN_QUOTED_INCLUDE_IN_FRAMEWORK_HEADER = YES;
				CLANG_WARN_RANGE_LOOP_ANALYSIS = YES;
				CLANG_WARN_STRICT_PROTOTYPES = YES;
				CLANG_WARN_SUSPICIOUS_MOVE = YES;
				CLANG_WARN_UNGUARDED_AVAILABILITY = YES_AGGRESSIVE;
				CLANG_WARN_UNREACHABLE_CODE = YES;
				CLANG_WARN__DUPLICATE_METHOD_MATCH = YES;
				COPY_PHASE_STRIP = NO;
				DEBUG_INFORMATION_FORMAT = "dwarf-with-dsym";
				ENABLE_NS_ASSERTIONS = NO;
				ENABLE_STRICT_OBJC_MSGSEND = YES;
				GCC_C_LANGUAGE_STANDARD = gnu11;
				GCC_NO_COMMON_BLOCKS = YES;
				GCC_WARN_64_TO_32_BIT_CONVERSION = YES;
				GCC_WARN_ABOUT_RETURN_TYPE = YES_ERROR;
				GCC_WARN_UNDECLARED_SELECTOR = YES;
				GCC_WARN_UNINITIALIZED_AUTOS = YES_AGGRESSIVE;
				GCC_WARN_UNUSED_FUNCTION = YES;
				GCC_WARN_UNUSED_VARIABLE = YES;
				IPHONEOS_DEPLOYMENT_TARGET = 15.0;
				MTL_ENABLE_DEBUG_INFO = NO;
				MTL_FAST_MATH = YES;
				SDKROOT = iphoneos;
				VALIDATE_PRODUCT = YES;
			};
			name = Release;
		};
		0D8D8DDD2716C5FB00494FC5 /* Debug */ = {
			isa = XCBuildConfiguration;
			buildSettings = {
				ASSETCATALOG_COMPILER_APPICON_NAME = AppIcon;
				ASSETCATALOG_COMPILER_GLOBAL_ACCENT_COLOR_NAME = AccentColor;
				CODE_SIGN_STYLE = Automatic;
				CURRENT_PROJECT_VERSION = 1;
				DEVELOPMENT_TEAM = 3L5KTD45Z4;
				GENERATE_INFOPLIST_FILE = YES;
				INFOPLIST_FILE = PMSelectContact/Info.plist;
				INFOPLIST_KEY_NSContactsUsageDescription = "选择联系人";
				INFOPLIST_KEY_UIApplicationSupportsIndirectInputEvents = YES;
				INFOPLIST_KEY_UILaunchStoryboardName = LaunchScreen;
				INFOPLIST_KEY_UIMainStoryboardFile = Main;
				INFOPLIST_KEY_UISupportedInterfaceOrientations_iPad = "UIInterfaceOrientationPortrait UIInterfaceOrientationPortraitUpsideDown UIInterfaceOrientationLandscapeLeft UIInterfaceOrientationLandscapeRight";
				INFOPLIST_KEY_UISupportedInterfaceOrientations_iPhone = "UIInterfaceOrientationPortrait UIInterfaceOrientationLandscapeLeft UIInterfaceOrientationLandscapeRight";
				LD_RUNPATH_SEARCH_PATHS = (
					"$(inherited)",
					"@executable_path/Frameworks",
				);
				MARKETING_VERSION = 1.0;
				PRODUCT_BUNDLE_IDENTIFIER = com.eningqu.AiPen.yc;
				PRODUCT_NAME = "$(TARGET_NAME)";
				SWIFT_EMIT_LOC_STRINGS = YES;
				TARGETED_DEVICE_FAMILY = "1,2";
			};
			name = Debug;
		};
		0D8D8DDE2716C5FB00494FC5 /* Release */ = {
			isa = XCBuildConfiguration;
			buildSettings = {
				ASSETCATALOG_COMPILER_APPICON_NAME = AppIcon;
				ASSETCATALOG_COMPILER_GLOBAL_ACCENT_COLOR_NAME = AccentColor;
				CODE_SIGN_STYLE = Automatic;
				CURRENT_PROJECT_VERSION = 1;
				DEVELOPMENT_TEAM = 3L5KTD45Z4;
				GENERATE_INFOPLIST_FILE = YES;
				INFOPLIST_FILE = PMSelectContact/Info.plist;
				INFOPLIST_KEY_NSContactsUsageDescription = "选择联系人";
				INFOPLIST_KEY_UIApplicationSupportsIndirectInputEvents = YES;
				INFOPLIST_KEY_UILaunchStoryboardName = LaunchScreen;
				INFOPLIST_KEY_UIMainStoryboardFile = Main;
				INFOPLIST_KEY_UISupportedInterfaceOrientations_iPad = "UIInterfaceOrientationPortrait UIInterfaceOrientationPortraitUpsideDown UIInterfaceOrientationLandscapeLeft UIInterfaceOrientationLandscapeRight";
				INFOPLIST_KEY_UISupportedInterfaceOrientations_iPhone = "UIInterfaceOrientationPortrait UIInterfaceOrientationLandscapeLeft UIInterfaceOrientationLandscapeRight";
				LD_RUNPATH_SEARCH_PATHS = (
					"$(inherited)",
					"@executable_path/Frameworks",
				);
				MARKETING_VERSION = 1.0;
				PRODUCT_BUNDLE_IDENTIFIER = com.eningqu.AiPen.yc;
				PRODUCT_NAME = "$(TARGET_NAME)";
				SWIFT_EMIT_LOC_STRINGS = YES;
				TARGETED_DEVICE_FAMILY = "1,2";
			};
			name = Release;
		};
/* End XCBuildConfiguration section */

/* Begin XCConfigurationList section */
		0D8D8DBE2716C5F700494FC5 /* Build configuration list for PBXProject "PMSelectContact" */ = {
			isa = XCConfigurationList;
			buildConfigurations = (
				0D8D8DDA2716C5FB00494FC5 /* Debug */,
				0D8D8DDB2716C5FB00494FC5 /* Release */,
			);
			defaultConfigurationIsVisible = 0;
			defaultConfigurationName = Release;
		};
		0D8D8DDC2716C5FB00494FC5 /* Build configuration list for PBXNativeTarget "PMSelectContact" */ = {
			isa = XCConfigurationList;
			buildConfigurations = (
				0D8D8DDD2716C5FB00494FC5 /* Debug */,
				0D8D8DDE2716C5FB00494FC5 /* Release */,
			);
			defaultConfigurationIsVisible = 0;
			defaultConfigurationName = Release;
		};
/* End XCConfigurationList section */
	};
	rootObject = 0D8D8DBB2716C5F700494FC5 /* Project object */;
}
